
Microsoft Visual Studio Solution File, Format Version 12.00
# Visual Studio 2013
VisualStudioVersion = 12.0.21005.1
MinimumVisualStudioVersion = 10.0.40219.1
Project("{FAE04EC0-301F-11D3-BF4B-00C04F79EFBC}") = "Stackexercise6", "Stackexercise6\Stackexercise6.csproj", "{0FC380DD-A2BD-40F8-92CE-E96DE8D1BF78}"
EndProject
Project("{FAE04EC0-301F-11D3-BF4B-00C04F79EFBC}") = "UnitTestProject", "UnitTestProject\UnitTestProject.csproj", "{2CC7661C-BC9B-4065-88D9-20BF44AB5B26}"
EndProject
Global
	GlobalSection(SolutionConfigurationPlatforms) = preSolution
		Debug|Any CPU = Debug|Any CPU
		Release|Any CPU = Release|Any CPU
	EndGlobalSection
	GlobalSection(ProjectConfigurationPlatforms) = postSolution
		{0FC380DD-A2BD-40F8-92CE-E96DE8D1BF78}.Debug|Any CPU.ActiveCfg = Debug|Any CPU
		{0FC380DD-A2BD-40F8-92CE-E96DE8D1BF78}.Debug|Any CPU.Build.0 = Debug|Any CPU
		{0FC380DD-A2BD-40F8-92CE-E96DE8D1BF78}.Release|Any CPU.ActiveCfg = Release|Any CPU
		{0FC380DD-A2BD-40F8-92CE-E96DE8D1BF78}.Release|Any CPU.Build.0 = Release|Any CPU
		{2CC7661C-BC9B-4065-88D9-20BF44AB5B26}.Debug|Any CPU.ActiveCfg = Debug|Any CPU
		{2CC7661C-BC9B-4065-88D9-20BF44AB5B26}.Debug|Any CPU.Build.0 = Debug|Any CPU
		{2CC7661C-BC9B-4065-88D9-20BF44AB5B26}.Release|Any CPU.ActiveCfg = Release|Any CPU
		{2CC7661C-BC9B-4065-88D9-20BF44AB5B26}.Release|Any CPU.Build.0 = Release|Any CPU
	EndGlobalSection
	GlobalSection(SolutionProperties) = preSolution
		HideSolutionNode = FALSE
	EndGlobalSection
EndGlobal
